{
  "name": "@nikhil2004-blip/giti-go",
  "version": "1.0.3",
  "lockfileVersion": 3,
  "requires": true,
  "packages": {
    "": {
      "name": "@nikhil2004-blip/giti-go",
      "version": "1.0.3",
      "license": "MIT",
      "bin": {
        "giti": "bin/giti.js"
      },
      "engines": {
        "node": ">=16.0.0"
      }
    }
  }
}
